
Microsoft Visual Studio Solution File, Format Version 12.00
# Visual Studio Version 17
VisualStudioVersion = 17.0.31903.59
MinimumVisualStudioVersion = 10.0.40219.1
Project("{2150E333-8FDC-42A3-9474-1A3956D46DE8}") = "1.Core", "1.Core", "{E91669BB-B734-8E03-690B-FF5543689634}"
EndProject
Project("{FAE04EC0-301F-11D3-BF4B-00C04F79EFBC}") = "Atlas.Lite.Core", "src\Atlas.Lite.Core\Atlas.Lite.Core.csproj", "{56832EC9-9215-46E9-9F74-461EFEAE1DA7}"
EndProject
Project("{2150E333-8FDC-42A3-9474-1A3956D46DE8}") = "2.Data", "2.Data", "{B0D68E2E-8DC7-E30E-AD1A-C64068824E9F}"
EndProject
Project("{FAE04EC0-301F-11D3-BF4B-00C04F79EFBC}") = "Atlas.Lite.Data", "src\Atlas.Lite.Data\Atlas.Lite.Data.csproj", "{0FAAA858-DE90-47B7-A7F1-02DE18167BCA}"
EndProject
Project("{2150E333-8FDC-42A3-9474-1A3956D46DE8}") = "3.Infrastructure", "3.Infrastructure", "{24F7C93C-B558-0D02-8E6E-B647D4EFDAA1}"
EndProject
Project("{FAE04EC0-301F-11D3-BF4B-00C04F79EFBC}") = "Atlas.Lite.Caching", "src\Atlas.Lite.Caching\Atlas.Lite.Caching.csproj", "{9325B367-A144-4B8B-9860-6BBAC5E176B8}"
EndProject
Project("{FAE04EC0-301F-11D3-BF4B-00C04F79EFBC}") = "Atlas.Lite.BackgroundTasks", "src\Atlas.Lite.BackgroundTasks\Atlas.Lite.BackgroundTasks.csproj", "{BE427B5A-F03B-4C88-BB16-70927D49CF8C}"
EndProject
Project("{FAE04EC0-301F-11D3-BF4B-00C04F79EFBC}") = "Atlas.Lite.Infrastructure.Logging", "src\Atlas.Lite.Infrastructure.Logging\Atlas.Lite.Infrastructure.Logging.csproj", "{25AA05A9-F799-476A-9E6B-B908926782BE}"
EndProject
Project("{2150E333-8FDC-42A3-9474-1A3956D46DE8}") = "4.Application", "4.Application", "{9475FA4A-B995-866C-EA19-D17282F7C1B1}"
EndProject
Project("{FAE04EC0-301F-11D3-BF4B-00C04F79EFBC}") = "Atlas.Lite.Security", "src\Atlas.Lite.Security\Atlas.Lite.Security.csproj", "{7A8075FC-827A-4799-A929-14DE6CBA1DE8}"
EndProject
Project("{2150E333-8FDC-42A3-9474-1A3956D46DE8}") = "5.WebApi", "5.WebApi", "{23914C5D-E410-E9C7-DB36-A6095792BB6E}"
EndProject
Project("{FAE04EC0-301F-11D3-BF4B-00C04F79EFBC}") = "Atlas.Lite.Web", "src\Atlas.Lite.Web\Atlas.Lite.Web.csproj", "{97A022DF-D408-4FBD-9781-49219D99475C}"
EndProject
Project("{2150E333-8FDC-42A3-9474-1A3956D46DE8}") = "samples", "samples", "{5D20AA90-6969-D8BD-9DCD-8634F4692FDA}"
EndProject
Project("{FAE04EC0-301F-11D3-BF4B-00C04F79EFBC}") = "Atlas.Lite.Sample.WebApi", "samples\Atlas.Lite.Sample.WebApi\Atlas.Lite.Sample.WebApi.csproj", "{1A453D77-039D-4ECE-A26C-A86D9F9598EF}"
EndProject
Project("{2150E333-8FDC-42A3-9474-1A3956D46DE8}") = "tests", "tests", "{0AB3BF05-4346-4AA6-1389-037BE0695223}"
EndProject
Project("{FAE04EC0-301F-11D3-BF4B-00C04F79EFBC}") = "Atlas.Lite.Core.Tests", "tests\Atlas.Lite.Core.Tests\Atlas.Lite.Core.Tests.csproj", "{398D081B-960F-4811-A003-5CFA1C133F55}"
EndProject
Project("{FAE04EC0-301F-11D3-BF4B-00C04F79EFBC}") = "Atlas.Lite.Web.Tests", "tests\Atlas.Lite.Web.Tests\Atlas.Lite.Web.Tests.csproj", "{687C8B69-5FC1-414B-A6E7-3C6DD32DF294}"
EndProject
Project("{FAE04EC0-301F-11D3-BF4B-00C04F79EFBC}") = "Atlas.Lite.Data.Tests", "tests\Atlas.Lite.Data.Tests\Atlas.Lite.Data.Tests.csproj", "{2AC8F267-6E1D-4646-B126-C44512B869A5}"
EndProject
Global
	GlobalSection(SolutionConfigurationPlatforms) = preSolution
		Debug|Any CPU = Debug|Any CPU
		Debug|x64 = Debug|x64
		Debug|x86 = Debug|x86
		Release|Any CPU = Release|Any CPU
		Release|x64 = Release|x64
		Release|x86 = Release|x86
	EndGlobalSection
	GlobalSection(ProjectConfigurationPlatforms) = postSolution
		{56832EC9-9215-46E9-9F74-461EFEAE1DA7}.Debug|Any CPU.ActiveCfg = Debug|Any CPU
		{56832EC9-9215-46E9-9F74-461EFEAE1DA7}.Debug|Any CPU.Build.0 = Debug|Any CPU
		{56832EC9-9215-46E9-9F74-461EFEAE1DA7}.Debug|x64.ActiveCfg = Debug|Any CPU
		{56832EC9-9215-46E9-9F74-461EFEAE1DA7}.Debug|x64.Build.0 = Debug|Any CPU
		{56832EC9-9215-46E9-9F74-461EFEAE1DA7}.Debug|x86.ActiveCfg = Debug|Any CPU
		{56832EC9-9215-46E9-9F74-461EFEAE1DA7}.Debug|x86.Build.0 = Debug|Any CPU
		{56832EC9-9215-46E9-9F74-461EFEAE1DA7}.Release|Any CPU.ActiveCfg = Release|Any CPU
		{56832EC9-9215-46E9-9F74-461EFEAE1DA7}.Release|Any CPU.Build.0 = Release|Any CPU
		{56832EC9-9215-46E9-9F74-461EFEAE1DA7}.Release|x64.ActiveCfg = Release|Any CPU
		{56832EC9-9215-46E9-9F74-461EFEAE1DA7}.Release|x64.Build.0 = Release|Any CPU
		{56832EC9-9215-46E9-9F74-461EFEAE1DA7}.Release|x86.ActiveCfg = Release|Any CPU
		{56832EC9-9215-46E9-9F74-461EFEAE1DA7}.Release|x86.Build.0 = Release|Any CPU
		{0FAAA858-DE90-47B7-A7F1-02DE18167BCA}.Debug|Any CPU.ActiveCfg = Debug|Any CPU
		{0FAAA858-DE90-47B7-A7F1-02DE18167BCA}.Debug|Any CPU.Build.0 = Debug|Any CPU
		{0FAAA858-DE90-47B7-A7F1-02DE18167BCA}.Debug|x64.ActiveCfg = Debug|Any CPU
		{0FAAA858-DE90-47B7-A7F1-02DE18167BCA}.Debug|x64.Build.0 = Debug|Any CPU
		{0FAAA858-DE90-47B7-A7F1-02DE18167BCA}.Debug|x86.ActiveCfg = Debug|Any CPU
		{0FAAA858-DE90-47B7-A7F1-02DE18167BCA}.Debug|x86.Build.0 = Debug|Any CPU
		{0FAAA858-DE90-47B7-A7F1-02DE18167BCA}.Release|Any CPU.ActiveCfg = Release|Any CPU
		{0FAAA858-DE90-47B7-A7F1-02DE18167BCA}.Release|Any CPU.Build.0 = Release|Any CPU
		{0FAAA858-DE90-47B7-A7F1-02DE18167BCA}.Release|x64.ActiveCfg = Release|Any CPU
		{0FAAA858-DE90-47B7-A7F1-02DE18167BCA}.Release|x64.Build.0 = Release|Any CPU
		{0FAAA858-DE90-47B7-A7F1-02DE18167BCA}.Release|x86.ActiveCfg = Release|Any CPU
		{0FAAA858-DE90-47B7-A7F1-02DE18167BCA}.Release|x86.Build.0 = Release|Any CPU
		{9325B367-A144-4B8B-9860-6BBAC5E176B8}.Debug|Any CPU.ActiveCfg = Debug|Any CPU
		{9325B367-A144-4B8B-9860-6BBAC5E176B8}.Debug|Any CPU.Build.0 = Debug|Any CPU
		{9325B367-A144-4B8B-9860-6BBAC5E176B8}.Debug|x64.ActiveCfg = Debug|Any CPU
		{9325B367-A144-4B8B-9860-6BBAC5E176B8}.Debug|x64.Build.0 = Debug|Any CPU
		{9325B367-A144-4B8B-9860-6BBAC5E176B8}.Debug|x86.ActiveCfg = Debug|Any CPU
		{9325B367-A144-4B8B-9860-6BBAC5E176B8}.Debug|x86.Build.0 = Debug|Any CPU
		{9325B367-A144-4B8B-9860-6BBAC5E176B8}.Release|Any CPU.ActiveCfg = Release|Any CPU
		{9325B367-A144-4B8B-9860-6BBAC5E176B8}.Release|Any CPU.Build.0 = Release|Any CPU
		{9325B367-A144-4B8B-9860-6BBAC5E176B8}.Release|x64.ActiveCfg = Release|Any CPU
		{9325B367-A144-4B8B-9860-6BBAC5E176B8}.Release|x64.Build.0 = Release|Any CPU
		{9325B367-A144-4B8B-9860-6BBAC5E176B8}.Release|x86.ActiveCfg = Release|Any CPU
		{9325B367-A144-4B8B-9860-6BBAC5E176B8}.Release|x86.Build.0 = Release|Any CPU
		{BE427B5A-F03B-4C88-BB16-70927D49CF8C}.Debug|Any CPU.ActiveCfg = Debug|Any CPU
		{BE427B5A-F03B-4C88-BB16-70927D49CF8C}.Debug|Any CPU.Build.0 = Debug|Any CPU
		{BE427B5A-F03B-4C88-BB16-70927D49CF8C}.Debug|x64.ActiveCfg = Debug|Any CPU
		{BE427B5A-F03B-4C88-BB16-70927D49CF8C}.Debug|x64.Build.0 = Debug|Any CPU
		{BE427B5A-F03B-4C88-BB16-70927D49CF8C}.Debug|x86.ActiveCfg = Debug|Any CPU
		{BE427B5A-F03B-4C88-BB16-70927D49CF8C}.Debug|x86.Build.0 = Debug|Any CPU
		{BE427B5A-F03B-4C88-BB16-70927D49CF8C}.Release|Any CPU.ActiveCfg = Release|Any CPU
		{BE427B5A-F03B-4C88-BB16-70927D49CF8C}.Release|Any CPU.Build.0 = Release|Any CPU
		{BE427B5A-F03B-4C88-BB16-70927D49CF8C}.Release|x64.ActiveCfg = Release|Any CPU
		{BE427B5A-F03B-4C88-BB16-70927D49CF8C}.Release|x64.Build.0 = Release|Any CPU
		{BE427B5A-F03B-4C88-BB16-70927D49CF8C}.Release|x86.ActiveCfg = Release|Any CPU
		{BE427B5A-F03B-4C88-BB16-70927D49CF8C}.Release|x86.Build.0 = Release|Any CPU
		{25AA05A9-F799-476A-9E6B-B908926782BE}.Debug|Any CPU.ActiveCfg = Debug|Any CPU
		{25AA05A9-F799-476A-9E6B-B908926782BE}.Debug|Any CPU.Build.0 = Debug|Any CPU
		{25AA05A9-F799-476A-9E6B-B908926782BE}.Debug|x64.ActiveCfg = Debug|Any CPU
		{25AA05A9-F799-476A-9E6B-B908926782BE}.Debug|x64.Build.0 = Debug|Any CPU
		{25AA05A9-F799-476A-9E6B-B908926782BE}.Debug|x86.ActiveCfg = Debug|Any CPU
		{25AA05A9-F799-476A-9E6B-B908926782BE}.Debug|x86.Build.0 = Debug|Any CPU
		{25AA05A9-F799-476A-9E6B-B908926782BE}.Release|Any CPU.ActiveCfg = Release|Any CPU
		{25AA05A9-F799-476A-9E6B-B908926782BE}.Release|Any CPU.Build.0 = Release|Any CPU
		{25AA05A9-F799-476A-9E6B-B908926782BE}.Release|x64.ActiveCfg = Release|Any CPU
		{25AA05A9-F799-476A-9E6B-B908926782BE}.Release|x64.Build.0 = Release|Any CPU
		{25AA05A9-F799-476A-9E6B-B908926782BE}.Release|x86.ActiveCfg = Release|Any CPU
		{25AA05A9-F799-476A-9E6B-B908926782BE}.Release|x86.Build.0 = Release|Any CPU
		{7A8075FC-827A-4799-A929-14DE6CBA1DE8}.Debug|Any CPU.ActiveCfg = Debug|Any CPU
		{7A8075FC-827A-4799-A929-14DE6CBA1DE8}.Debug|Any CPU.Build.0 = Debug|Any CPU
		{7A8075FC-827A-4799-A929-14DE6CBA1DE8}.Debug|x64.ActiveCfg = Debug|Any CPU
		{7A8075FC-827A-4799-A929-14DE6CBA1DE8}.Debug|x64.Build.0 = Debug|Any CPU
		{7A8075FC-827A-4799-A929-14DE6CBA1DE8}.Debug|x86.ActiveCfg = Debug|Any CPU
		{7A8075FC-827A-4799-A929-14DE6CBA1DE8}.Debug|x86.Build.0 = Debug|Any CPU
		{7A8075FC-827A-4799-A929-14DE6CBA1DE8}.Release|Any CPU.ActiveCfg = Release|Any CPU
		{7A8075FC-827A-4799-A929-14DE6CBA1DE8}.Release|Any CPU.Build.0 = Release|Any CPU
		{7A8075FC-827A-4799-A929-14DE6CBA1DE8}.Release|x64.ActiveCfg = Release|Any CPU
		{7A8075FC-827A-4799-A929-14DE6CBA1DE8}.Release|x64.Build.0 = Release|Any CPU
		{7A8075FC-827A-4799-A929-14DE6CBA1DE8}.Release|x86.ActiveCfg = Release|Any CPU
		{7A8075FC-827A-4799-A929-14DE6CBA1DE8}.Release|x86.Build.0 = Release|Any CPU
		{97A022DF-D408-4FBD-9781-49219D99475C}.Debug|Any CPU.ActiveCfg = Debug|Any CPU
		{97A022DF-D408-4FBD-9781-49219D99475C}.Debug|Any CPU.Build.0 = Debug|Any CPU
		{97A022DF-D408-4FBD-9781-49219D99475C}.Debug|x64.ActiveCfg = Debug|Any CPU
		{97A022DF-D408-4FBD-9781-49219D99475C}.Debug|x64.Build.0 = Debug|Any CPU
		{97A022DF-D408-4FBD-9781-49219D99475C}.Debug|x86.ActiveCfg = Debug|Any CPU
		{97A022DF-D408-4FBD-9781-49219D99475C}.Debug|x86.Build.0 = Debug|Any CPU
		{97A022DF-D408-4FBD-9781-49219D99475C}.Release|Any CPU.ActiveCfg = Release|Any CPU
		{97A022DF-D408-4FBD-9781-49219D99475C}.Release|Any CPU.Build.0 = Release|Any CPU
		{97A022DF-D408-4FBD-9781-49219D99475C}.Release|x64.ActiveCfg = Release|Any CPU
		{97A022DF-D408-4FBD-9781-49219D99475C}.Release|x64.Build.0 = Release|Any CPU
		{97A022DF-D408-4FBD-9781-49219D99475C}.Release|x86.ActiveCfg = Release|Any CPU
		{97A022DF-D408-4FBD-9781-49219D99475C}.Release|x86.Build.0 = Release|Any CPU
		{1A453D77-039D-4ECE-A26C-A86D9F9598EF}.Debug|Any CPU.ActiveCfg = Debug|Any CPU
		{1A453D77-039D-4ECE-A26C-A86D9F9598EF}.Debug|Any CPU.Build.0 = Debug|Any CPU
		{1A453D77-039D-4ECE-A26C-A86D9F9598EF}.Debug|x64.ActiveCfg = Debug|Any CPU
		{1A453D77-039D-4ECE-A26C-A86D9F9598EF}.Debug|x64.Build.0 = Debug|Any CPU
		{1A453D77-039D-4ECE-A26C-A86D9F9598EF}.Debug|x86.ActiveCfg = Debug|Any CPU
		{1A453D77-039D-4ECE-A26C-A86D9F9598EF}.Debug|x86.Build.0 = Debug|Any CPU
		{1A453D77-039D-4ECE-A26C-A86D9F9598EF}.Release|Any CPU.ActiveCfg = Release|Any CPU
		{1A453D77-039D-4ECE-A26C-A86D9F9598EF}.Release|Any CPU.Build.0 = Release|Any CPU
		{1A453D77-039D-4ECE-A26C-A86D9F9598EF}.Release|x64.ActiveCfg = Release|Any CPU
		{1A453D77-039D-4ECE-A26C-A86D9F9598EF}.Release|x64.Build.0 = Release|Any CPU
		{1A453D77-039D-4ECE-A26C-A86D9F9598EF}.Release|x86.ActiveCfg = Release|Any CPU
		{1A453D77-039D-4ECE-A26C-A86D9F9598EF}.Release|x86.Build.0 = Release|Any CPU
		{398D081B-960F-4811-A003-5CFA1C133F55}.Debug|Any CPU.ActiveCfg = Debug|Any CPU
		{398D081B-960F-4811-A003-5CFA1C133F55}.Debug|Any CPU.Build.0 = Debug|Any CPU
		{398D081B-960F-4811-A003-5CFA1C133F55}.Debug|x64.ActiveCfg = Debug|Any CPU
		{398D081B-960F-4811-A003-5CFA1C133F55}.Debug|x64.Build.0 = Debug|Any CPU
		{398D081B-960F-4811-A003-5CFA1C133F55}.Debug|x86.ActiveCfg = Debug|Any CPU
		{398D081B-960F-4811-A003-5CFA1C133F55}.Debug|x86.Build.0 = Debug|Any CPU
		{398D081B-960F-4811-A003-5CFA1C133F55}.Release|Any CPU.ActiveCfg = Release|Any CPU
		{398D081B-960F-4811-A003-5CFA1C133F55}.Release|Any CPU.Build.0 = Release|Any CPU
		{398D081B-960F-4811-A003-5CFA1C133F55}.Release|x64.ActiveCfg = Release|Any CPU
		{398D081B-960F-4811-A003-5CFA1C133F55}.Release|x64.Build.0 = Release|Any CPU
		{398D081B-960F-4811-A003-5CFA1C133F55}.Release|x86.ActiveCfg = Release|Any CPU
		{398D081B-960F-4811-A003-5CFA1C133F55}.Release|x86.Build.0 = Release|Any CPU
		{687C8B69-5FC1-414B-A6E7-3C6DD32DF294}.Debug|Any CPU.ActiveCfg = Debug|Any CPU
		{687C8B69-5FC1-414B-A6E7-3C6DD32DF294}.Debug|Any CPU.Build.0 = Debug|Any CPU
		{687C8B69-5FC1-414B-A6E7-3C6DD32DF294}.Debug|x64.ActiveCfg = Debug|Any CPU
		{687C8B69-5FC1-414B-A6E7-3C6DD32DF294}.Debug|x64.Build.0 = Debug|Any CPU
		{687C8B69-5FC1-414B-A6E7-3C6DD32DF294}.Debug|x86.ActiveCfg = Debug|Any CPU
		{687C8B69-5FC1-414B-A6E7-3C6DD32DF294}.Debug|x86.Build.0 = Debug|Any CPU
		{687C8B69-5FC1-414B-A6E7-3C6DD32DF294}.Release|Any CPU.ActiveCfg = Release|Any CPU
		{687C8B69-5FC1-414B-A6E7-3C6DD32DF294}.Release|Any CPU.Build.0 = Release|Any CPU
		{687C8B69-5FC1-414B-A6E7-3C6DD32DF294}.Release|x64.ActiveCfg = Release|Any CPU
		{687C8B69-5FC1-414B-A6E7-3C6DD32DF294}.Release|x64.Build.0 = Release|Any CPU
		{687C8B69-5FC1-414B-A6E7-3C6DD32DF294}.Release|x86.ActiveCfg = Release|Any CPU
		{687C8B69-5FC1-414B-A6E7-3C6DD32DF294}.Release|x86.Build.0 = Release|Any CPU
		{2AC8F267-6E1D-4646-B126-C44512B869A5}.Debug|Any CPU.ActiveCfg = Debug|Any CPU
		{2AC8F267-6E1D-4646-B126-C44512B869A5}.Debug|Any CPU.Build.0 = Debug|Any CPU
		{2AC8F267-6E1D-4646-B126-C44512B869A5}.Debug|x64.ActiveCfg = Debug|Any CPU
		{2AC8F267-6E1D-4646-B126-C44512B869A5}.Debug|x64.Build.0 = Debug|Any CPU
		{2AC8F267-6E1D-4646-B126-C44512B869A5}.Debug|x86.ActiveCfg = Debug|Any CPU
		{2AC8F267-6E1D-4646-B126-C44512B869A5}.Debug|x86.Build.0 = Debug|Any CPU
		{2AC8F267-6E1D-4646-B126-C44512B869A5}.Release|Any CPU.ActiveCfg = Release|Any CPU
		{2AC8F267-6E1D-4646-B126-C44512B869A5}.Release|Any CPU.Build.0 = Release|Any CPU
		{2AC8F267-6E1D-4646-B126-C44512B869A5}.Release|x64.ActiveCfg = Release|Any CPU
		{2AC8F267-6E1D-4646-B126-C44512B869A5}.Release|x64.Build.0 = Release|Any CPU
		{2AC8F267-6E1D-4646-B126-C44512B869A5}.Release|x86.ActiveCfg = Release|Any CPU
		{2AC8F267-6E1D-4646-B126-C44512B869A5}.Release|x86.Build.0 = Release|Any CPU
	EndGlobalSection
	GlobalSection(SolutionProperties) = preSolution
		HideSolutionNode = FALSE
	EndGlobalSection
	GlobalSection(NestedProjects) = preSolution
		{56832EC9-9215-46E9-9F74-461EFEAE1DA7} = {E91669BB-B734-8E03-690B-FF5543689634}
		{0FAAA858-DE90-47B7-A7F1-02DE18167BCA} = {B0D68E2E-8DC7-E30E-AD1A-C64068824E9F}
		{9325B367-A144-4B8B-9860-6BBAC5E176B8} = {24F7C93C-B558-0D02-8E6E-B647D4EFDAA1}
		{BE427B5A-F03B-4C88-BB16-70927D49CF8C} = {24F7C93C-B558-0D02-8E6E-B647D4EFDAA1}
		{25AA05A9-F799-476A-9E6B-B908926782BE} = {24F7C93C-B558-0D02-8E6E-B647D4EFDAA1}
		{7A8075FC-827A-4799-A929-14DE6CBA1DE8} = {9475FA4A-B995-866C-EA19-D17282F7C1B1}
		{97A022DF-D408-4FBD-9781-49219D99475C} = {23914C5D-E410-E9C7-DB36-A6095792BB6E}
		{1A453D77-039D-4ECE-A26C-A86D9F9598EF} = {5D20AA90-6969-D8BD-9DCD-8634F4692FDA}
		{398D081B-960F-4811-A003-5CFA1C133F55} = {0AB3BF05-4346-4AA6-1389-037BE0695223}
		{687C8B69-5FC1-414B-A6E7-3C6DD32DF294} = {0AB3BF05-4346-4AA6-1389-037BE0695223}
		{2AC8F267-6E1D-4646-B126-C44512B869A5} = {0AB3BF05-4346-4AA6-1389-037BE0695223}
	EndGlobalSection
EndGlobal
